
Microsoft Visual Studio Solution File, Format Version 12.00
Project("{FAE04EC0-301F-11D3-BF4B-00C04F79EFBC}") = "MTQueries.Abstractions", "MTQueries.Abstractions\MTQueries.Abstractions.csproj", "{56A1FA5C-B9EA-45FF-9555-8D9A9C9BBB96}"
EndProject
Global
	GlobalSection(SolutionConfigurationPlatforms) = preSolution
		Debug|Any CPU = Debug|Any CPU
		Release|Any CPU = Release|Any CPU
	EndGlobalSection
	GlobalSection(ProjectConfigurationPlatforms) = postSolution
		{56A1FA5C-B9EA-45FF-9555-8D9A9C9BBB96}.Debug|Any CPU.ActiveCfg = Debug|Any CPU
		{56A1FA5C-B9EA-45FF-9555-8D9A9C9BBB96}.Debug|Any CPU.Build.0 = Debug|Any CPU
		{56A1FA5C-B9EA-45FF-9555-8D9A9C9BBB96}.Release|Any CPU.ActiveCfg = Release|Any CPU
		{56A1FA5C-B9EA-45FF-9555-8D9A9C9BBB96}.Release|Any CPU.Build.0 = Release|Any CPU
	EndGlobalSection
EndGlobal
